// !$*UTF8*$!
{
	archiveVersion = 1;
	classes = {
	};
	objectVersion = 46;
	objects = {

/* Begin PBXBuildFile section */
		D8F46FD31B1D0CB0002A4E2B /* AppDelegate.swift in Sources */ = {isa = PBXBuildFile; fileRef = D8F46FD21B1D0CB0002A4E2B /* AppDelegate.swift */; };
		D8F46FD51B1D0CB0002A4E2B /* ViewController.swift in Sources */ = {isa = PBXBuildFile; fileRef = D8F46FD41B1D0CB0002A4E2B /* ViewController.swift */; };
		D8F46FD81B1D0CB0002A4E2B /* Main.storyboard in Resources */ = {isa = PBXBuildFile; fileRef = D8F46FD61B1D0CB0002A4E2B /* Main.storyboard */; };
		D8F46FDA1B1D0CB0002A4E2B /* Images.xcassets in Resources */ = {isa = PBXBuildFile; fileRef = D8F46FD91B1D0CB0002A4E2B /* Images.xcassets */; };
		D8F46FDD1B1D0CB0002A4E2B /* LaunchScreen.xib in Resources */ = {isa = PBXBuildFile; fileRef = D8F46FDB1B1D0CB0002A4E2B /* LaunchScreen.xib */; };
		D8F46FE91B1D0CB0002A4E2B /* CardTests.swift in Sources */ = {isa = PBXBuildFile; fileRef = D8F46FE81B1D0CB0002A4E2B /* CardTests.swift */; };
/* End PBXBuildFile section */

/* Begin PBXContainerItemProxy section */
		D8F46FE31B1D0CB0002A4E2B /* PBXContainerItemProxy */ = {
			isa = PBXContainerItemProxy;
			containerPortal = D8F46FC51B1D0CB0002A4E2B /* Project object */;
			proxyType = 1;
			remoteGlobalIDString = D8F46FCC1B1D0CB0002A4E2B;
			remoteInfo = Card;
		};
/* End PBXContainerItemProxy section */

/* Begin PBXFileReference section */
		D8F46FCD1B1D0CB0002A4E2B /* Card.app */ = {isa = PBXFileReference; explicitFileType = wrapper.application; includeInIndex = 0; path = Card.app; sourceTree = BUILT_PRODUCTS_DIR; };
		D8F46FD11B1D0CB0002A4E2B /* Info.plist */ = {isa = PBXFileReference; lastKnownFileType = text.plist.xml; path = Info.plist; sourceTree = "<group>"; };
		D8F46FD21B1D0CB0002A4E2B /* AppDelegate.swift */ = {isa = PBXFileReference; lastKnownFileType = sourcecode.swift; path = AppDelegate.swift; sourceTree = "<group>"; };
		D8F46FD41B1D0CB0002A4E2B /* ViewController.swift */ = {isa = PBXFileReference; lastKnownFileType = sourcecode.swift; path = ViewController.swift; sourceTree = "<group>"; };
		D8F46FD71B1D0CB0002A4E2B /* Base */ = {isa = PBXFileReference; lastKnownFileType = file.storyboard; name = Base; path = Base.lproj/Main.storyboard; sourceTree = "<group>"; };
		D8F46FD91B1D0CB0002A4E2B /* Images.xcassets */ = {isa = PBXFileReference; lastKnownFileType = folder.assetcatalog; path = Images.xcassets; sourceTree = "<group>"; };
		D8F46FDC1B1D0CB0002A4E2B /* Base */ = {isa = PBXFileReference; lastKnownFileType = file.xib; name = Base; path = Base.lproj/LaunchScreen.xib; sourceTree = "<group>"; };
		D8F46FE21B1D0CB0002A4E2B /* CardTests.xctest */ = {isa = PBXFileReference; explicitFileType = wrapper.cfbundle; includeInIndex = 0; path = CardTests.xctest; sourceTree = BUILT_PRODUCTS_DIR; };
		D8F46FE71B1D0CB0002A4E2B /* Info.plist */ = {isa = PBXFileReference; lastKnownFileType = text.plist.xml; path = Info.plist; sourceTree = "<group>"; };
		D8F46FE81B1D0CB0002A4E2B /* CardTests.swift */ = {isa = PBXFileReference; lastKnownFileType = sourcecode.swift; path = CardTests.swift; sourceTree = "<group>"; };
/* End PBXFileReference section */

/* Begin PBXFrameworksBuildPhase section */
		D8F46FCA1B1D0CB0002A4E2B /* Frameworks */ = {
			isa = PBXFrameworksBuildPhase;
			buildActionMask = 2147483647;
			files = (
			);
			runOnlyForDeploymentPostprocessing = 0;
		};
		D8F46FDF1B1D0CB0002A4E2B /* Frameworks */ = {
			isa = PBXFrameworksBuildPhase;
			buildActionMask = 2147483647;
			files = (
			);
			runOnlyForDeploymentPostprocessing = 0;
		};
/* End PBXFrameworksBuildPhase section */

/* Begin PBXGroup section */
		D8F46FC41B1D0CB0002A4E2B = {
			isa = PBXGroup;
			children = (
				D8F46FCF1B1D0CB0002A4E2B /* Card */,
				D8F46FE51B1D0CB0002A4E2B /* CardTests */,
				D8F46FCE1B1D0CB0002A4E2B /* Products */,
			);
			sourceTree = "<group>";
		};
		D8F46FCE1B1D0CB0002A4E2B /* Products */ = {
			isa = PBXGroup;
			children = (
				D8F46FCD1B1D0CB0002A4E2B /* Card.app */,
				D8F46FE21B1D0CB0002A4E2B /* CardTests.xctest */,
			);
			name = Products;
			sourceTree = "<group>";
		};
		D8F46FCF1B1D0CB0002A4E2B /* Card */ = {
			isa = PBXGroup;
			children = (
				D8F46FD21B1D0CB0002A4E2B /* AppDelegate.swift */,
				D8F46FD41B1D0CB0002A4E2B /* ViewController.swift */,
				D8F46FD61B1D0CB0002A4E2B /* Main.storyboard */,
				D8F46FD91B1D0CB0002A4E2B /* Images.xcassets */,
				D8F46FDB1B1D0CB0002A4E2B /* LaunchScreen.xib */,
				D8F46FD01B1D0CB0002A4E2B /* Supporting Files */,
			);
			path = Card;
			sourceTree = "<group>";
		};
		D8F46FD01B1D0CB0002A4E2B /* Supporting Files */ = {
			isa = PBXGroup;
			children = (
				D8F46FD11B1D0CB0002A4E2B /* Info.plist */,
			);
			name = "Supporting Files";
			sourceTree = "<group>";
		};
		D8F46FE51B1D0CB0002A4E2B /* CardTests */ = {
			isa = PBXGroup;
			children = (
				D8F46FE81B1D0CB0002A4E2B /* CardTests.swift */,
				D8F46FE61B1D0CB0002A4E2B /* Supporting Files */,
			);
			path = CardTests;
			sourceTree = "<group>";
		};
		D8F46FE61B1D0CB0002A4E2B /* Supporting Files */ = {
			isa = PBXGroup;
			children = (
				D8F46FE71B1D0CB0002A4E2B /* Info.plist */,
			);
			name = "Supporting Files";
			sourceTree = "<group>";
		};
/* End PBXGroup section */

/* Begin PBXNativeTarget section */
		D8F46FCC1B1D0CB0002A4E2B /* Card */ = {
			isa = PBXNativeTarget;
			buildConfigurationList = D8F46FEC1B1D0CB0002A4E2B /* Build configuration list for PBXNativeTarget "Card" */;
			buildPhases = (
				D8F46FC91B1D0CB0002A4E2B /* Sources */,
				D8F46FCA1B1D0CB0002A4E2B /* Frameworks */,
				D8F46FCB1B1D0CB0002A4E2B /* Resources */,
			);
			buildRules = (
			);
			dependencies = (
			);
			name = Card;
			productName = Card;
			productReference = D8F46FCD1B1D0CB0002A4E2B /* Card.app */;
			productType = "com.apple.product-type.application";
		};
		D8F46FE11B1D0CB0002A4E2B /* CardTests */ = {
			isa = PBXNativeTarget;
			buildConfigurationList = D8F46FEF1B1D0CB0002A4E2B /* Build configuration list for PBXNativeTarget "CardTests" */;
			buildPhases = (
				D8F46FDE1B1D0CB0002A4E2B /* Sources */,
				D8F46FDF1B1D0CB0002A4E2B /* Frameworks */,
				D8F46FE01B1D0CB0002A4E2B /* Resources */,
			);
			buildRules = (
			);
			dependencies = (
				D8F46FE41B1D0CB0002A4E2B /* PBXTargetDependency */,
			);
			name = CardTests;
			productName = CardTests;
			productReference = D8F46FE21B1D0CB0002A4E2B /* CardTests.xctest */;
			productType = "com.apple.product-type.bundle.unit-test";
		};
/* End PBXNativeTarget section */

/* Begin PBXProject section */
		D8F46FC51B1D0CB0002A4E2B /* Project object */ = {
			isa = PBXProject;
			attributes = {
				LastUpgradeCheck = 0630;
				ORGANIZATIONNAME = "Joe Castelli";
				TargetAttributes = {
					D8F46FCC1B1D0CB0002A4E2B = {
						CreatedOnToolsVersion = 6.3.1;
					};
					D8F46FE11B1D0CB0002A4E2B = {
						CreatedOnToolsVersion = 6.3.1;
						TestTargetID = D8F46FCC1B1D0CB0002A4E2B;
					};
				};
			};
			buildConfigurationList = D8F46FC81B1D0CB0002A4E2B /* Build configuration list for PBXProject "Card" */;
			compatibilityVersion = "Xcode 3.2";
			developmentRegion = English;
			hasScannedForEncodings = 0;
			knownRegions = (
				en,
				Base,
			);
			mainGroup = D8F46FC41B1D0CB0002A4E2B;
			productRefGroup = D8F46FCE1B1D0CB0002A4E2B /* Products */;
			projectDirPath = "";
			projectRoot = "";
			targets = (
				D8F46FCC1B1D0CB0002A4E2B /* Card */,
				D8F46FE11B1D0CB0002A4E2B /* CardTests */,
			);
		};
/* End PBXProject section */

/* Begin PBXResourcesBuildPhase section */
		D8F46FCB1B1D0CB0002A4E2B /* Resources */ = {
			isa = PBXResourcesBuildPhase;
			buildActionMask = 2147483647;
			files = (
				D8F46FD81B1D0CB0002A4E2B /* Main.storyboard in Resources */,
				D8F46FDD1B1D0CB0002A4E2B /* LaunchScreen.xib in Resources */,
				D8F46FDA1B1D0CB0002A4E2B /* Images.xcassets in Resources */,
			);
			runOnlyForDeploymentPostprocessing = 0;
		};
		D8F46FE01B1D0CB0002A4E2B /* Resources */ = {
			isa = PBXResourcesBuildPhase;
			buildActionMask = 2147483647;
			files = (
			);
			runOnlyForDeploymentPostprocessing = 0;
		};
/* End PBXResourcesBuildPhase section */

/* Begin PBXSourcesBuildPhase section */
		D8F46FC91B1D0CB0002A4E2B /* Sources */ = {
			isa = PBXSourcesBuildPhase;
			buildActionMask = 2147483647;
			files = (
				D8F46FD51B1D0CB0002A4E2B /* ViewController.swift in Sources */,
				D8F46FD31B1D0CB0002A4E2B /* AppDelegate.swift in Sources */,
			);
			runOnlyForDeploymentPostprocessing = 0;
		};
		D8F46FDE1B1D0CB0002A4E2B /* Sources */ = {
			isa = PBXSourcesBuildPhase;
			buildActionMask = 2147483647;
			files = (
				D8F46FE91B1D0CB0002A4E2B /* CardTests.swift in Sources */,
			);
			runOnlyForDeploymentPostprocessing = 0;
		};
/* End PBXSourcesBuildPhase section */

/* Begin PBXTargetDependency section */
		D8F46FE41B1D0CB0002A4E2B /* PBXTargetDependency */ = {
			isa = PBXTargetDependency;
			target = D8F46FCC1B1D0CB0002A4E2B /* Card */;
			targetProxy = D8F46FE31B1D0CB0002A4E2B /* PBXContainerItemProxy */;
		};
/* End PBXTargetDependency section */

/* Begin PBXVariantGroup section */
		D8F46FD61B1D0CB0002A4E2B /* Main.storyboard */ = {
			isa = PBXVariantGroup;
			children = (
				D8F46FD71B1D0CB0002A4E2B /* Base */,
			);
			name = Main.storyboard;
			sourceTree = "<group>";
		};
		D8F46FDB1B1D0CB0002A4E2B /* LaunchScreen.xib */ = {
			isa = PBXVariantGroup;
			children = (
				D8F46FDC1B1D0CB0002A4E2B /* Base */,
			);
			name = LaunchScreen.xib;
			sourceTree = "<group>";
		};
/* End PBXVariantGroup section */

/* Begin XCBuildConfiguration section */
		D8F46FEA1B1D0CB0002A4E2B /* Debug */ = {
			isa = XCBuildConfiguration;
			buildSettings = {
				ALWAYS_SEARCH_USER_PATHS = NO;
				CLANG_CXX_LANGUAGE_STANDARD = "gnu++0x";
				CLANG_CXX_LIBRARY = "libc++";
				CLANG_ENABLE_MODULES = YES;
				CLANG_ENABLE_OBJC_ARC = YES;
				CLANG_WARN_BOOL_CONVERSION = YES;
				CLANG_WARN_CONSTANT_CONVERSION = YES;
				CLANG_WARN_DIRECT_OBJC_ISA_USAGE = YES_ERROR;
				CLANG_WARN_EMPTY_BODY = YES;
				CLANG_WARN_ENUM_CONVERSION = YES;
				CLANG_WARN_INT_CONVERSION = YES;
				CLANG_WARN_OBJC_ROOT_CLASS = YES_ERROR;
				CLANG_WARN_UNREACHABLE_CODE = YES;
				CLANG_WARN__DUPLICATE_METHOD_MATCH = YES;
				"CODE_SIGN_IDENTITY[sdk=iphoneos*]" = "iPhone Developer";
				COPY_PHASE_STRIP = NO;
				DEBUG_INFORMATION_FORMAT = "dwarf-with-dsym";
				ENABLE_STRICT_OBJC_MSGSEND = YES;
				GCC_C_LANGUAGE_STANDARD = gnu99;
				GCC_DYNAMIC_NO_PIC = NO;
				GCC_NO_COMMON_BLOCKS = YES;
				GCC_OPTIMIZATION_LEVEL = 0;
				GCC_PREPROCESSOR_DEFINITIONS = (
					"DEBUG=1",
					"$(inherited)",
				);
				GCC_SYMBOLS_PRIVATE_EXTERN = NO;
				GCC_WARN_64_TO_32_BIT_CONVERSION = YES;
				GCC_WARN_ABOUT_RETURN_TYPE = YES_ERROR;
				GCC_WARN_UNDECLARED_SELECTOR = YES;
				GCC_WARN_UNINITIALIZED_AUTOS = YES_AGGRESSIVE;
				GCC_WARN_UNUSED_FUNCTION = YES;
				GCC_WARN_UNUSED_VARIABLE = YES;
				IPHONEOS_DEPLOYMENT_TARGET = 8.3;
				MTL_ENABLE_DEBUG_INFO = YES;
				ONLY_ACTIVE_ARCH = YES;
				SDKROOT = iphoneos;
				SWIFT_OPTIMIZATION_LEVEL = "-Onone";
				TARGETED_DEVICE_FAMILY = "1,2";
			};
			name = Debug;
		};
		D8F46FEB1B1D0CB0002A4E2B /* Release */ = {
			isa = XCBuildConfiguration;
			buildSettings = {
				ALWAYS_SEARCH_USER_PATHS = NO;
				CLANG_CXX_LANGUAGE_STANDARD = "gnu++0x";
				CLANG_CXX_LIBRARY = "libc++";
				CLANG_ENABLE_MODULES = YES;
				CLANG_ENABLE_OBJC_ARC = YES;
				CLANG_WARN_BOOL_CONVERSION = YES;
				CLANG_WARN_CONSTANT_CONVERSION = YES;
				CLANG_WARN_DIRECT_OBJC_ISA_USAGE = YES_ERROR;
				CLANG_WARN_EMPTY_BODY = YES;
				CLANG_WARN_ENUM_CONVERSION = YES;
				CLANG_WARN_INT_CONVERSION = YES;
				CLANG_WARN_OBJC_ROOT_CLASS = YES_ERROR;
				CLANG_WARN_UNREACHABLE_CODE = YES;
				CLANG_WARN__DUPLICATE_METHOD_MATCH = YES;
				"CODE_SIGN_IDENTITY[sdk=iphoneos*]" = "iPhone Developer";
				COPY_PHASE_STRIP = NO;
				DEBUG_INFORMATION_FORMAT = "dwarf-with-dsym";
				ENABLE_NS_ASSERTIONS = NO;
				ENABLE_STRICT_OBJC_MSGSEND = YES;
				GCC_C_LANGUAGE_STANDARD = gnu99;
				GCC_NO_COMMON_BLOCKS = YES;
				GCC_WARN_64_TO_32_BIT_CONVERSION = YES;
				GCC_WARN_ABOUT_RETURN_TYPE = YES_ERROR;
				GCC_WARN_UNDECLARED_SELECTOR = YES;
				GCC_WARN_UNINITIALIZED_AUTOS = YES_AGGRESSIVE;
				GCC_WARN_UNUSED_FUNCTION = YES;
				GCC_WARN_UNUSED_VARIABLE = YES;
				IPHONEOS_DEPLOYMENT_TARGET = 8.3;
				MTL_ENABLE_DEBUG_INFO = NO;
				SDKROOT = iphoneos;
				TARGETED_DEVICE_FAMILY = "1,2";
				VALIDATE_PRODUCT = YES;
			};
			name = Release;
		};
		D8F46FED1B1D0CB0002A4E2B /* Debug */ = {
			isa = XCBuildConfiguration;
			buildSettings = {
				ASSETCATALOG_COMPILER_APPICON_NAME = AppIcon;
				INFOPLIST_FILE = Card/Info.plist;
				LD_RUNPATH_SEARCH_PATHS = "$(inherited) @executable_path/Frameworks";
				PRODUCT_NAME = "$(TARGET_NAME)";
			};
			name = Debug;
		};
		D8F46FEE1B1D0CB0002A4E2B /* Release */ = {
			isa = XCBuildConfiguration;
			buildSettings = {
				ASSETCATALOG_COMPILER_APPICON_NAME = AppIcon;
				INFOPLIST_FILE = Card/Info.plist;
				LD_RUNPATH_SEARCH_PATHS = "$(inherited) @executable_path/Frameworks";
				PRODUCT_NAME = "$(TARGET_NAME)";
			};
			name = Release;
		};
		D8F46FF01B1D0CB0002A4E2B /* Debug */ = {
			isa = XCBuildConfiguration;
			buildSettings = {
				BUNDLE_LOADER = "$(TEST_HOST)";
				FRAMEWORK_SEARCH_PATHS = (
					"$(SDKROOT)/Developer/Library/Frameworks",
					"$(inherited)",
				);
				GCC_PREPROCESSOR_DEFINITIONS = (
					"DEBUG=1",
					"$(inherited)",
				);
				INFOPLIST_FILE = CardTests/Info.plist;
				LD_RUNPATH_SEARCH_PATHS = "$(inherited) @executable_path/Frameworks @loader_path/Frameworks";
				PRODUCT_NAME = "$(TARGET_NAME)";
				TEST_HOST = "$(BUILT_PRODUCTS_DIR)/Card.app/Card";
			};
			name = Debug;
		};
		D8F46FF11B1D0CB0002A4E2B /* Release */ = {
			isa = XCBuildConfiguration;
			buildSettings = {
				BUNDLE_LOADER = "$(TEST_HOST)";
				FRAMEWORK_SEARCH_PATHS = (
					"$(SDKROOT)/Developer/Library/Frameworks",
					"$(inherited)",
				);
				INFOPLIST_FILE = CardTests/Info.plist;
				LD_RUNPATH_SEARCH_PATHS = "$(inherited) @executable_path/Frameworks @loader_path/Frameworks";
				PRODUCT_NAME = "$(TARGET_NAME)";
				TEST_HOST = "$(BUILT_PRODUCTS_DIR)/Card.app/Card";
			};
			name = Release;
		};
/* End XCBuildConfiguration section */

/* Begin XCConfigurationList section */
		D8F46FC81B1D0CB0002A4E2B /* Build configuration list for PBXProject "Card" */ = {
			isa = XCConfigurationList;
			buildConfigurations = (
				D8F46FEA1B1D0CB0002A4E2B /* Debug */,
				D8F46FEB1B1D0CB0002A4E2B /* Release */,
			);
			defaultConfigurationIsVisible = 0;
			defaultConfigurationName = Release;
		};
		D8F46FEC1B1D0CB0002A4E2B /* Build configuration list for PBXNativeTarget "Card" */ = {
			isa = XCConfigurationList;
			buildConfigurations = (
				D8F46FED1B1D0CB0002A4E2B /* Debug */,
				D8F46FEE1B1D0CB0002A4E2B /* Release */,
			);
			defaultConfigurationIsVisible = 0;
		};
		D8F46FEF1B1D0CB0002A4E2B /* Build configuration list for PBXNativeTarget "CardTests" */ = {
			isa = XCConfigurationList;
			buildConfigurations = (
				D8F46FF01B1D0CB0002A4E2B /* Debug */,
				D8F46FF11B1D0CB0002A4E2B /* Release */,
			);
			defaultConfigurationIsVisible = 0;
		};
/* End XCConfigurationList section */
	};
	rootObject = D8F46FC51B1D0CB0002A4E2B /* Project object */;
}
